
Microsoft Visual Studio Solution File, Format Version 12.00
# Visual Studio 15
VisualStudioVersion = 15.0.27130.2036
MinimumVisualStudioVersion = 10.0.40219.1
Project("{FAE04EC0-301F-11D3-BF4B-00C04F79EFBC}") = "AirforceProject", "AirforceProject\AirforceProject.csproj", "{24B76BF7-1987-46DD-9652-00F959B27141}"
EndProject
Global
	GlobalSection(SolutionConfigurationPlatforms) = preSolution
		Debug|Any CPU = Debug|Any CPU
		Release|Any CPU = Release|Any CPU
	EndGlobalSection
	GlobalSection(ProjectConfigurationPlatforms) = postSolution
		{24B76BF7-1987-46DD-9652-00F959B27141}.Debug|Any CPU.ActiveCfg = Debug|Any CPU
		{24B76BF7-1987-46DD-9652-00F959B27141}.Debug|Any CPU.Build.0 = Debug|Any CPU
		{24B76BF7-1987-46DD-9652-00F959B27141}.Release|Any CPU.ActiveCfg = Release|Any CPU
		{24B76BF7-1987-46DD-9652-00F959B27141}.Release|Any CPU.Build.0 = Release|Any CPU
	EndGlobalSection
	GlobalSection(SolutionProperties) = preSolution
		HideSolutionNode = FALSE
	EndGlobalSection
	GlobalSection(ExtensibilityGlobals) = postSolution
		SolutionGuid = {A86D6DEF-5280-456F-A496-323BAAB59608}
	EndGlobalSection
EndGlobal
